
Microsoft Visual Studio Solution File, Format Version 12.00
# Visual Studio Version 17
VisualStudioVersion = 17.12.35527.113 d17.12
MinimumVisualStudioVersion = 10.0.40219.1
Project("{FAE04EC0-301F-11D3-BF4B-00C04F79EFBC}") = "Task6", "Task6\Task6.csproj", "{C82319C2-CD9C-4643-949D-475D145AB6CD}"
EndProject
Global
	GlobalSection(SolutionConfigurationPlatforms) = preSolution
		Debug|Any CPU = Debug|Any CPU
		Release|Any CPU = Release|Any CPU
	EndGlobalSection
	GlobalSection(ProjectConfigurationPlatforms) = postSolution
		{C82319C2-CD9C-4643-949D-475D145AB6CD}.Debug|Any CPU.ActiveCfg = Debug|Any CPU
		{C82319C2-CD9C-4643-949D-475D145AB6CD}.Debug|Any CPU.Build.0 = Debug|Any CPU
		{C82319C2-CD9C-4643-949D-475D145AB6CD}.Release|Any CPU.ActiveCfg = Release|Any CPU
		{C82319C2-CD9C-4643-949D-475D145AB6CD}.Release|Any CPU.Build.0 = Release|Any CPU
	EndGlobalSection
	GlobalSection(SolutionProperties) = preSolution
		HideSolutionNode = FALSE
	EndGlobalSection
EndGlobal
