
Microsoft Visual Studio Solution File, Format Version 12.00
# Blend for Visual Studio Version 17
VisualStudioVersion = 17.12.35527.113 d17.12
MinimumVisualStudioVersion = 10.0.40219.1
Project("{FAE04EC0-301F-11D3-BF4B-00C04F79EFBC}") = "WpfApp1", "WpfApp1\WpfApp1.csproj", "{351C7DF7-005C-486E-8CE4-A3AEBA8C0A03}"
EndProject
Global
	GlobalSection(SolutionConfigurationPlatforms) = preSolution
		Debug|Any CPU = Debug|Any CPU
		Release|Any CPU = Release|Any CPU
	EndGlobalSection
	GlobalSection(ProjectConfigurationPlatforms) = postSolution
		{351C7DF7-005C-486E-8CE4-A3AEBA8C0A03}.Debug|Any CPU.ActiveCfg = Debug|Any CPU
		{351C7DF7-005C-486E-8CE4-A3AEBA8C0A03}.Debug|Any CPU.Build.0 = Debug|Any CPU
		{351C7DF7-005C-486E-8CE4-A3AEBA8C0A03}.Release|Any CPU.ActiveCfg = Release|Any CPU
		{351C7DF7-005C-486E-8CE4-A3AEBA8C0A03}.Release|Any CPU.Build.0 = Release|Any CPU
	EndGlobalSection
	GlobalSection(SolutionProperties) = preSolution
		HideSolutionNode = FALSE
	EndGlobalSection
EndGlobal
