
Microsoft Visual Studio Solution File, Format Version 12.00
# Visual Studio Version 17
VisualStudioVersion = 17.12.35527.113
MinimumVisualStudioVersion = 10.0.40219.1
Project("{FAE04EC0-301F-11D3-BF4B-00C04F79EFBC}") = "TryEFCodeFirstCont", "TryEFCodeFirstCont\TryEFCodeFirstCont.csproj", "{32509BEE-09FE-40D7-980B-46FAB2058085}"
EndProject
Project("{FAE04EC0-301F-11D3-BF4B-00C04F79EFBC}") = "EFDBCreationStrategies", "EFDBCreationStrategies\EFDBCreationStrategies.csproj", "{E84F4BA8-119B-44EB-A78C-9A8474ABF32F}"
EndProject
Global
	GlobalSection(SolutionConfigurationPlatforms) = preSolution
		Debug|Any CPU = Debug|Any CPU
		Release|Any CPU = Release|Any CPU
	EndGlobalSection
	GlobalSection(ProjectConfigurationPlatforms) = postSolution
		{32509BEE-09FE-40D7-980B-46FAB2058085}.Debug|Any CPU.ActiveCfg = Debug|Any CPU
		{32509BEE-09FE-40D7-980B-46FAB2058085}.Debug|Any CPU.Build.0 = Debug|Any CPU
		{32509BEE-09FE-40D7-980B-46FAB2058085}.Release|Any CPU.ActiveCfg = Release|Any CPU
		{32509BEE-09FE-40D7-980B-46FAB2058085}.Release|Any CPU.Build.0 = Release|Any CPU
		{E84F4BA8-119B-44EB-A78C-9A8474ABF32F}.Debug|Any CPU.ActiveCfg = Debug|Any CPU
		{E84F4BA8-119B-44EB-A78C-9A8474ABF32F}.Debug|Any CPU.Build.0 = Debug|Any CPU
		{E84F4BA8-119B-44EB-A78C-9A8474ABF32F}.Release|Any CPU.ActiveCfg = Release|Any CPU
		{E84F4BA8-119B-44EB-A78C-9A8474ABF32F}.Release|Any CPU.Build.0 = Release|Any CPU
	EndGlobalSection
	GlobalSection(SolutionProperties) = preSolution
		HideSolutionNode = FALSE
	EndGlobalSection
EndGlobal
