
Microsoft Visual Studio Solution File, Format Version 12.00
# Visual Studio Version 17
VisualStudioVersion = 17.12.35527.113 d17.12
MinimumVisualStudioVersion = 10.0.40219.1
Project("{FAE04EC0-301F-11D3-BF4B-00C04F79EFBC}") = "MyShapes", "MyShapes\MyShapes.csproj", "{8370DFFE-2E0D-4333-B1B4-099046E5A1E8}"
EndProject
Project("{FAE04EC0-301F-11D3-BF4B-00C04F79EFBC}") = "Demo2", "Demo2\Demo2.csproj", "{B5954DE7-2151-4CD7-8FFB-4F04B93E4977}"
EndProject
Project("{FAE04EC0-301F-11D3-BF4B-00C04F79EFBC}") = "Demo3", "Demo3\Demo3.csproj", "{C9E3EB55-E1B4-4BF8-AD46-8B92433919D7}"
EndProject
Global
	GlobalSection(SolutionConfigurationPlatforms) = preSolution
		Debug|Any CPU = Debug|Any CPU
		Release|Any CPU = Release|Any CPU
	EndGlobalSection
	GlobalSection(ProjectConfigurationPlatforms) = postSolution
		{8370DFFE-2E0D-4333-B1B4-099046E5A1E8}.Debug|Any CPU.ActiveCfg = Debug|Any CPU
		{8370DFFE-2E0D-4333-B1B4-099046E5A1E8}.Debug|Any CPU.Build.0 = Debug|Any CPU
		{8370DFFE-2E0D-4333-B1B4-099046E5A1E8}.Release|Any CPU.ActiveCfg = Release|Any CPU
		{8370DFFE-2E0D-4333-B1B4-099046E5A1E8}.Release|Any CPU.Build.0 = Release|Any CPU
		{B5954DE7-2151-4CD7-8FFB-4F04B93E4977}.Debug|Any CPU.ActiveCfg = Debug|Any CPU
		{B5954DE7-2151-4CD7-8FFB-4F04B93E4977}.Debug|Any CPU.Build.0 = Debug|Any CPU
		{B5954DE7-2151-4CD7-8FFB-4F04B93E4977}.Release|Any CPU.ActiveCfg = Release|Any CPU
		{B5954DE7-2151-4CD7-8FFB-4F04B93E4977}.Release|Any CPU.Build.0 = Release|Any CPU
		{C9E3EB55-E1B4-4BF8-AD46-8B92433919D7}.Debug|Any CPU.ActiveCfg = Debug|Any CPU
		{C9E3EB55-E1B4-4BF8-AD46-8B92433919D7}.Debug|Any CPU.Build.0 = Debug|Any CPU
		{C9E3EB55-E1B4-4BF8-AD46-8B92433919D7}.Release|Any CPU.ActiveCfg = Release|Any CPU
		{C9E3EB55-E1B4-4BF8-AD46-8B92433919D7}.Release|Any CPU.Build.0 = Release|Any CPU
	EndGlobalSection
	GlobalSection(SolutionProperties) = preSolution
		HideSolutionNode = FALSE
	EndGlobalSection
EndGlobal
